
Microsoft Visual Studio Solution File, Format Version 12.00
# Visual Studio Version 16
VisualStudioVersion = 16.0.29613.14
MinimumVisualStudioVersion = 10.0.40219.1
Project("{9A19103F-16F7-4668-BE54-9A1E7A4F7556}") = "Events", "Events\Events.csproj", "{F84697A5-4C24-4A26-ACC1-67EC62825EE7}"
EndProject
Project("{9A19103F-16F7-4668-BE54-9A1E7A4F7556}") = "Linq", "Linq\Linq.csproj", "{14A28397-5E59-4794-AEBA-5E1036D6EF50}"
EndProject
Project("{9A19103F-16F7-4668-BE54-9A1E7A4F7556}") = "ExtensionMethods", "ExtensionMethods\ExtensionMethods.csproj", "{063FD4BF-79CA-4E5F-8F72-CD1D249E29ED}"
EndProject
Project("{9A19103F-16F7-4668-BE54-9A1E7A4F7556}") = "DelegatesMathOps", "DelegatesMathOps\DelegatesMathOps.csproj", "{FF7437DA-721E-4952-8FE2-E69131806270}"
EndProject
Project("{FAE04EC0-301F-11D3-BF4B-00C04F79EFBC}") = "LessUsedCollections", "LessUsedCollections\LessUsedCollections.csproj", "{5A20C7C7-5BF5-414F-AAA8-9BAA39C484D1}"
EndProject
Global
	GlobalSection(SolutionConfigurationPlatforms) = preSolution
		Debug|Any CPU = Debug|Any CPU
		Release|Any CPU = Release|Any CPU
	EndGlobalSection
	GlobalSection(ProjectConfigurationPlatforms) = postSolution
		{F84697A5-4C24-4A26-ACC1-67EC62825EE7}.Debug|Any CPU.ActiveCfg = Debug|Any CPU
		{F84697A5-4C24-4A26-ACC1-67EC62825EE7}.Debug|Any CPU.Build.0 = Debug|Any CPU
		{F84697A5-4C24-4A26-ACC1-67EC62825EE7}.Release|Any CPU.ActiveCfg = Release|Any CPU
		{F84697A5-4C24-4A26-ACC1-67EC62825EE7}.Release|Any CPU.Build.0 = Release|Any CPU
		{14A28397-5E59-4794-AEBA-5E1036D6EF50}.Debug|Any CPU.ActiveCfg = Debug|Any CPU
		{14A28397-5E59-4794-AEBA-5E1036D6EF50}.Debug|Any CPU.Build.0 = Debug|Any CPU
		{14A28397-5E59-4794-AEBA-5E1036D6EF50}.Release|Any CPU.ActiveCfg = Release|Any CPU
		{14A28397-5E59-4794-AEBA-5E1036D6EF50}.Release|Any CPU.Build.0 = Release|Any CPU
		{063FD4BF-79CA-4E5F-8F72-CD1D249E29ED}.Debug|Any CPU.ActiveCfg = Debug|Any CPU
		{063FD4BF-79CA-4E5F-8F72-CD1D249E29ED}.Debug|Any CPU.Build.0 = Debug|Any CPU
		{063FD4BF-79CA-4E5F-8F72-CD1D249E29ED}.Release|Any CPU.ActiveCfg = Release|Any CPU
		{063FD4BF-79CA-4E5F-8F72-CD1D249E29ED}.Release|Any CPU.Build.0 = Release|Any CPU
		{FF7437DA-721E-4952-8FE2-E69131806270}.Debug|Any CPU.ActiveCfg = Debug|Any CPU
		{FF7437DA-721E-4952-8FE2-E69131806270}.Debug|Any CPU.Build.0 = Debug|Any CPU
		{FF7437DA-721E-4952-8FE2-E69131806270}.Release|Any CPU.ActiveCfg = Release|Any CPU
		{FF7437DA-721E-4952-8FE2-E69131806270}.Release|Any CPU.Build.0 = Release|Any CPU
		{5A20C7C7-5BF5-414F-AAA8-9BAA39C484D1}.Debug|Any CPU.ActiveCfg = Debug|Any CPU
		{5A20C7C7-5BF5-414F-AAA8-9BAA39C484D1}.Debug|Any CPU.Build.0 = Debug|Any CPU
		{5A20C7C7-5BF5-414F-AAA8-9BAA39C484D1}.Release|Any CPU.ActiveCfg = Release|Any CPU
		{5A20C7C7-5BF5-414F-AAA8-9BAA39C484D1}.Release|Any CPU.Build.0 = Release|Any CPU
	EndGlobalSection
	GlobalSection(SolutionProperties) = preSolution
		HideSolutionNode = FALSE
	EndGlobalSection
	GlobalSection(ExtensibilityGlobals) = postSolution
		SolutionGuid = {9BCD5AA5-8A29-4A05-8664-3FA4ADE9C402}
	EndGlobalSection
EndGlobal
